
Microsoft Visual Studio Solution File, Format Version 12.00
# Visual Studio 15
VisualStudioVersion = 15.0.28307.1259
MinimumVisualStudioVersion = 10.0.40219.1
Project("{FAE04EC0-301F-11D3-BF4B-00C04F79EFBC}") = "RecipePortalWebAPI", "RecipePortalWebAPI\RecipePortalWebAPI.csproj", "{C572127B-5BC3-44ED-833D-70FCB4E0B6EB}"
EndProject
Project("{FAE04EC0-301F-11D3-BF4B-00C04F79EFBC}") = "WebClient", "WebClient\WebClient.csproj", "{BDFCB269-185F-402D-B485-1F6D41473B69}"
EndProject
Global
	GlobalSection(SolutionConfigurationPlatforms) = preSolution
		Debug|Any CPU = Debug|Any CPU
		Release|Any CPU = Release|Any CPU
	EndGlobalSection
	GlobalSection(ProjectConfigurationPlatforms) = postSolution
		{C572127B-5BC3-44ED-833D-70FCB4E0B6EB}.Debug|Any CPU.ActiveCfg = Debug|Any CPU
		{C572127B-5BC3-44ED-833D-70FCB4E0B6EB}.Debug|Any CPU.Build.0 = Debug|Any CPU
		{C572127B-5BC3-44ED-833D-70FCB4E0B6EB}.Release|Any CPU.ActiveCfg = Release|Any CPU
		{C572127B-5BC3-44ED-833D-70FCB4E0B6EB}.Release|Any CPU.Build.0 = Release|Any CPU
		{BDFCB269-185F-402D-B485-1F6D41473B69}.Debug|Any CPU.ActiveCfg = Debug|Any CPU
		{BDFCB269-185F-402D-B485-1F6D41473B69}.Debug|Any CPU.Build.0 = Debug|Any CPU
		{BDFCB269-185F-402D-B485-1F6D41473B69}.Release|Any CPU.ActiveCfg = Release|Any CPU
		{BDFCB269-185F-402D-B485-1F6D41473B69}.Release|Any CPU.Build.0 = Release|Any CPU
	EndGlobalSection
	GlobalSection(SolutionProperties) = preSolution
		HideSolutionNode = FALSE
	EndGlobalSection
	GlobalSection(ExtensibilityGlobals) = postSolution
		SolutionGuid = {1B089BC7-EB5E-4F8A-B49E-3DC671A6F5CB}
	EndGlobalSection
EndGlobal
